
Microsoft Visual Studio Solution File, Format Version 12.00
Project("{FAE04EC0-301F-11D3-BF4B-00C04F79EFBC}") = "InputOutput", "InputOutput\InputOutput.csproj", "{CFC6F491-AB08-4C18-82B2-08F0AB5878BA}"
EndProject
Global
	GlobalSection(SolutionConfigurationPlatforms) = preSolution
		Debug|Any CPU = Debug|Any CPU
		Release|Any CPU = Release|Any CPU
	EndGlobalSection
	GlobalSection(ProjectConfigurationPlatforms) = postSolution
		{CFC6F491-AB08-4C18-82B2-08F0AB5878BA}.Debug|Any CPU.ActiveCfg = Debug|Any CPU
		{CFC6F491-AB08-4C18-82B2-08F0AB5878BA}.Debug|Any CPU.Build.0 = Debug|Any CPU
		{CFC6F491-AB08-4C18-82B2-08F0AB5878BA}.Release|Any CPU.ActiveCfg = Release|Any CPU
		{CFC6F491-AB08-4C18-82B2-08F0AB5878BA}.Release|Any CPU.Build.0 = Release|Any CPU
	EndGlobalSection
EndGlobal
