
Microsoft Visual Studio Solution File, Format Version 12.00
Project("{FAE04EC0-301F-11D3-BF4B-00C04F79EFBC}") = "DateTimeManipulationFunctions", "DateTimeManipulationFunctions\DateTimeManipulationFunctions.csproj", "{13DBBE10-D00D-4F9D-AF25-0965530BFFB6}"
EndProject
Global
	GlobalSection(SolutionConfigurationPlatforms) = preSolution
		Debug|Any CPU = Debug|Any CPU
		Release|Any CPU = Release|Any CPU
	EndGlobalSection
	GlobalSection(ProjectConfigurationPlatforms) = postSolution
		{13DBBE10-D00D-4F9D-AF25-0965530BFFB6}.Debug|Any CPU.ActiveCfg = Debug|Any CPU
		{13DBBE10-D00D-4F9D-AF25-0965530BFFB6}.Debug|Any CPU.Build.0 = Debug|Any CPU
		{13DBBE10-D00D-4F9D-AF25-0965530BFFB6}.Release|Any CPU.ActiveCfg = Release|Any CPU
		{13DBBE10-D00D-4F9D-AF25-0965530BFFB6}.Release|Any CPU.Build.0 = Release|Any CPU
	EndGlobalSection
EndGlobal
